
Microsoft Visual Studio Solution File, Format Version 12.00
# Visual Studio 15
VisualStudioVersion = 15.0.27004.2009
MinimumVisualStudioVersion = 10.0.40219.1
Project("{FAE04EC0-301F-11D3-BF4B-00C04F79EFBC}") = "DemoRefTypesandValueTypes", "DemoRefTypesandValueTypes\DemoRefTypesandValueTypes.csproj", "{C8791B64-2F74-4C2C-A133-F9280BC7E667}"
EndProject
Global
	GlobalSection(SolutionConfigurationPlatforms) = preSolution
		Debug|Any CPU = Debug|Any CPU
		Release|Any CPU = Release|Any CPU
	EndGlobalSection
	GlobalSection(ProjectConfigurationPlatforms) = postSolution
		{C8791B64-2F74-4C2C-A133-F9280BC7E667}.Debug|Any CPU.ActiveCfg = Debug|Any CPU
		{C8791B64-2F74-4C2C-A133-F9280BC7E667}.Debug|Any CPU.Build.0 = Debug|Any CPU
		{C8791B64-2F74-4C2C-A133-F9280BC7E667}.Release|Any CPU.ActiveCfg = Release|Any CPU
		{C8791B64-2F74-4C2C-A133-F9280BC7E667}.Release|Any CPU.Build.0 = Release|Any CPU
	EndGlobalSection
	GlobalSection(SolutionProperties) = preSolution
		HideSolutionNode = FALSE
	EndGlobalSection
	GlobalSection(ExtensibilityGlobals) = postSolution
		SolutionGuid = {E94DB077-58FA-4F04-81F5-4DC82FBC39E4}
	EndGlobalSection
EndGlobal
