
Microsoft Visual Studio Solution File, Format Version 12.00
# Visual Studio 15
VisualStudioVersion = 15.0.27004.2009
MinimumVisualStudioVersion = 10.0.40219.1
Project("{FAE04EC0-301F-11D3-BF4B-00C04F79EFBC}") = "Sec9-Lecture73-Directory", "Sec9-Lecture73-Directory\Sec9-Lecture73-Directory.csproj", "{ECB2BDBA-6863-4207-8C75-4BEFB3403096}"
EndProject
Global
	GlobalSection(SolutionConfigurationPlatforms) = preSolution
		Debug|Any CPU = Debug|Any CPU
		Release|Any CPU = Release|Any CPU
	EndGlobalSection
	GlobalSection(ProjectConfigurationPlatforms) = postSolution
		{ECB2BDBA-6863-4207-8C75-4BEFB3403096}.Debug|Any CPU.ActiveCfg = Debug|Any CPU
		{ECB2BDBA-6863-4207-8C75-4BEFB3403096}.Debug|Any CPU.Build.0 = Debug|Any CPU
		{ECB2BDBA-6863-4207-8C75-4BEFB3403096}.Release|Any CPU.ActiveCfg = Release|Any CPU
		{ECB2BDBA-6863-4207-8C75-4BEFB3403096}.Release|Any CPU.Build.0 = Release|Any CPU
	EndGlobalSection
	GlobalSection(SolutionProperties) = preSolution
		HideSolutionNode = FALSE
	EndGlobalSection
	GlobalSection(ExtensibilityGlobals) = postSolution
		SolutionGuid = {F8CB6224-0454-4FD9-94A7-3736A651D047}
	EndGlobalSection
EndGlobal
