
Microsoft Visual Studio Solution File, Format Version 12.00
# Visual Studio 15
VisualStudioVersion = 15.0.27004.2009
MinimumVisualStudioVersion = 10.0.40219.1
Project("{FAE04EC0-301F-11D3-BF4B-00C04F79EFBC}") = "Sec10-Lec78 Debugging", "Sec10-Lec78 Debugging\Sec10-Lec78 Debugging.csproj", "{8A75D719-EA99-493F-9023-84939244963E}"
EndProject
Global
	GlobalSection(SolutionConfigurationPlatforms) = preSolution
		Debug|Any CPU = Debug|Any CPU
		Release|Any CPU = Release|Any CPU
	EndGlobalSection
	GlobalSection(ProjectConfigurationPlatforms) = postSolution
		{8A75D719-EA99-493F-9023-84939244963E}.Debug|Any CPU.ActiveCfg = Debug|Any CPU
		{8A75D719-EA99-493F-9023-84939244963E}.Debug|Any CPU.Build.0 = Debug|Any CPU
		{8A75D719-EA99-493F-9023-84939244963E}.Release|Any CPU.ActiveCfg = Release|Any CPU
		{8A75D719-EA99-493F-9023-84939244963E}.Release|Any CPU.Build.0 = Release|Any CPU
	EndGlobalSection
	GlobalSection(SolutionProperties) = preSolution
		HideSolutionNode = FALSE
	EndGlobalSection
	GlobalSection(ExtensibilityGlobals) = postSolution
		SolutionGuid = {55283C68-E89A-4E1F-9341-55466EBFED46}
	EndGlobalSection
EndGlobal
